
Microsoft Visual Studio Solution File, Format Version 12.00
# Visual Studio Version 17
VisualStudioVersion = 17.12.35527.113
MinimumVisualStudioVersion = 10.0.40219.1
Project("{FAE04EC0-301F-11D3-BF4B-00C04F79EFBC}") = "RecruitR.Api", "RecruitR.Api.csproj", "{FBF7EB79-71D4-4313-9844-9C43446EAB1E}"
EndProject
Project("{FAE04EC0-301F-11D3-BF4B-00C04F79EFBC}") = "RecruitR.Client", "..\RecruitR.Client\RecruitR.Client.csproj", "{E35CAC96-FA26-45D1-B3CC-4B01E362E48E}"
EndProject
Global
	GlobalSection(SolutionConfigurationPlatforms) = preSolution
		Debug|Any CPU = Debug|Any CPU
		Release|Any CPU = Release|Any CPU
	EndGlobalSection
	GlobalSection(ProjectConfigurationPlatforms) = postSolution
		{FBF7EB79-71D4-4313-9844-9C43446EAB1E}.Debug|Any CPU.ActiveCfg = Debug|Any CPU
		{FBF7EB79-71D4-4313-9844-9C43446EAB1E}.Debug|Any CPU.Build.0 = Debug|Any CPU
		{FBF7EB79-71D4-4313-9844-9C43446EAB1E}.Release|Any CPU.ActiveCfg = Release|Any CPU
		{FBF7EB79-71D4-4313-9844-9C43446EAB1E}.Release|Any CPU.Build.0 = Release|Any CPU
		{E35CAC96-FA26-45D1-B3CC-4B01E362E48E}.Debug|Any CPU.ActiveCfg = Debug|Any CPU
		{E35CAC96-FA26-45D1-B3CC-4B01E362E48E}.Debug|Any CPU.Build.0 = Debug|Any CPU
		{E35CAC96-FA26-45D1-B3CC-4B01E362E48E}.Release|Any CPU.ActiveCfg = Release|Any CPU
		{E35CAC96-FA26-45D1-B3CC-4B01E362E48E}.Release|Any CPU.Build.0 = Release|Any CPU
	EndGlobalSection
	GlobalSection(SolutionProperties) = preSolution
		HideSolutionNode = FALSE
	EndGlobalSection
EndGlobal
